
Microsoft Visual Studio Solution File, Format Version 12.00
# Visual Studio 15
VisualStudioVersion = 15.0.26730.16
MinimumVisualStudioVersion = 10.0.40219.1
Project("{FAE04EC0-301F-11D3-BF4B-00C04F79EFBC}") = "TaBIL", "TaBIL\TaBIL.csproj", "{3A064F80-8CBB-4AF2-A867-54618DD79990}"
EndProject
Project("{FAE04EC0-301F-11D3-BF4B-00C04F79EFBC}") = "TaBILModWrapper", "TaBILModWrapper\TaBILModWrapper.csproj", "{893F38B3-89C2-47E6-884D-78B44FB28BA8}"
EndProject
Project("{FAE04EC0-301F-11D3-BF4B-00C04F79EFBC}") = "TaBILModLoader", "TaBILModLoader\TaBILModLoader.csproj", "{96B6D7EE-E58E-4F09-A533-C6A89FF01A7B}"
EndProject
Project("{FAE04EC0-301F-11D3-BF4B-00C04F79EFBC}") = "TaBILTestMod", "TaBILTestMod\TaBILTestMod.csproj", "{4DBFC803-3D08-4D03-AB49-125D8C8E2190}"
EndProject
Project("{FAE04EC0-301F-11D3-BF4B-00C04F79EFBC}") = "TaBILTest", "TaBILTest\TaBILTest.csproj", "{BBE8ACC1-74F8-4AB2-89CB-1258AD8A4AA0}"
EndProject
Global
	GlobalSection(SolutionConfigurationPlatforms) = preSolution
		Debug|Any CPU = Debug|Any CPU
		Release|Any CPU = Release|Any CPU
	EndGlobalSection
	GlobalSection(ProjectConfigurationPlatforms) = postSolution
		{3A064F80-8CBB-4AF2-A867-54618DD79990}.Debug|Any CPU.ActiveCfg = Debug|Any CPU
		{3A064F80-8CBB-4AF2-A867-54618DD79990}.Debug|Any CPU.Build.0 = Debug|Any CPU
		{3A064F80-8CBB-4AF2-A867-54618DD79990}.Release|Any CPU.ActiveCfg = Release|Any CPU
		{3A064F80-8CBB-4AF2-A867-54618DD79990}.Release|Any CPU.Build.0 = Release|Any CPU
		{893F38B3-89C2-47E6-884D-78B44FB28BA8}.Debug|Any CPU.ActiveCfg = Debug|Any CPU
		{893F38B3-89C2-47E6-884D-78B44FB28BA8}.Debug|Any CPU.Build.0 = Debug|Any CPU
		{893F38B3-89C2-47E6-884D-78B44FB28BA8}.Release|Any CPU.ActiveCfg = Release|Any CPU
		{893F38B3-89C2-47E6-884D-78B44FB28BA8}.Release|Any CPU.Build.0 = Release|Any CPU
		{96B6D7EE-E58E-4F09-A533-C6A89FF01A7B}.Debug|Any CPU.ActiveCfg = Debug|Any CPU
		{96B6D7EE-E58E-4F09-A533-C6A89FF01A7B}.Debug|Any CPU.Build.0 = Debug|Any CPU
		{96B6D7EE-E58E-4F09-A533-C6A89FF01A7B}.Release|Any CPU.ActiveCfg = Release|Any CPU
		{96B6D7EE-E58E-4F09-A533-C6A89FF01A7B}.Release|Any CPU.Build.0 = Release|Any CPU
		{4DBFC803-3D08-4D03-AB49-125D8C8E2190}.Debug|Any CPU.ActiveCfg = Debug|Any CPU
		{4DBFC803-3D08-4D03-AB49-125D8C8E2190}.Debug|Any CPU.Build.0 = Debug|Any CPU
		{4DBFC803-3D08-4D03-AB49-125D8C8E2190}.Release|Any CPU.ActiveCfg = Release|Any CPU
		{4DBFC803-3D08-4D03-AB49-125D8C8E2190}.Release|Any CPU.Build.0 = Release|Any CPU
		{BBE8ACC1-74F8-4AB2-89CB-1258AD8A4AA0}.Debug|Any CPU.ActiveCfg = Debug|Any CPU
		{BBE8ACC1-74F8-4AB2-89CB-1258AD8A4AA0}.Debug|Any CPU.Build.0 = Debug|Any CPU
		{BBE8ACC1-74F8-4AB2-89CB-1258AD8A4AA0}.Release|Any CPU.ActiveCfg = Release|Any CPU
		{BBE8ACC1-74F8-4AB2-89CB-1258AD8A4AA0}.Release|Any CPU.Build.0 = Release|Any CPU
	EndGlobalSection
	GlobalSection(SolutionProperties) = preSolution
		HideSolutionNode = FALSE
	EndGlobalSection
	GlobalSection(ExtensibilityGlobals) = postSolution
		SolutionGuid = {2EAE3223-E8AE-40E8-BDE9-2307F23DC5CC}
	EndGlobalSection
	GlobalSection(TeamFoundationVersionControl) = preSolution
		SccNumberOfProjects = 6
		SccEnterpriseProvider = {4CA58AB2-18FA-4F8D-95D4-32DDF27D184C}
		SccTeamFoundationServer = https://zoryn.visualstudio.com/defaultcollection
		SccLocalPath0 = .
		SccProjectUniqueName1 = TaBIL\\TaBIL.csproj
		SccProjectName1 = TaBIL
		SccLocalPath1 = TaBIL
		SccProjectUniqueName2 = TaBILModWrapper\\TaBILModWrapper.csproj
		SccProjectName2 = TaBILModWrapper
		SccLocalPath2 = TaBILModWrapper
		SccProjectUniqueName3 = TaBILModLoader\\TaBILModLoader.csproj
		SccProjectName3 = TaBILModLoader
		SccLocalPath3 = TaBILModLoader
		SccProjectUniqueName4 = TaBILTestMod\\TaBILTestMod.csproj
		SccProjectName4 = TaBILTestMod
		SccLocalPath4 = TaBILTestMod
		SccProjectUniqueName5 = TaBILTest\\TaBILTest.csproj
		SccProjectName5 = TaBILTest
		SccLocalPath5 = TaBILTest
	EndGlobalSection
EndGlobal
